github.com/jinzhu/inflection v1.0.0/go.mod h1:h+uFLlag+Qp1Va5pdKtLDYj+kHp5pxUVkryuEj+Srlc=
github.com/jinzhu/now v1.1.4 h1:tHnRBy1i5F2Dh8BAFxqFzxKqqvezXrL2OW1TnX+Mlas=
github.com/jinzhu/now v1.1.4/go.mod h1:d3SSVoowX0Lcu0IBviAWJpolVfI5UJVZZ7cO71lE/z8=
github.com/nyancatda/AyaLog v0.0.0-20220522145807-30983b6d25a9 h1:mfB4+5UennW2YGQmQfeNINBTTz/uk2qZsL1FuUWYrSs=
github.com/nyancatda/AyaLog v0.0.0-20220522145807-30983b6d25a9/go.mod h1:ZbOWddB8xUfSdNuDAvfpTe76EGgOp1XaGouCTh+J+1w=
gorm.io/gorm v1.23.5 h1:TnlF26wScKSvknUC/Rn8t0NLLM22fypYBlvj1+aH6dM=
gorm.io/gorm v1.23.5/go.mod h1:l2lP/RyAtc1ynaTjFksBde/O8v9oOGIApu2/xRitmZk=
